// !$*UTF8*$!
{
	archiveVersion = 1;
	classes = {
	};
	objectVersion = 50;
	objects = {

/* Begin PBXBuildFile section */
		152450645B10748A06801F10 /* Pods_MoviesList.framework in Frameworks */ = {isa = PBXBuildFile; fileRef = 662022F7CE2E6EB765202399 /* Pods_MoviesList.framework */; };
		D67E2D00232784C500F04534 /* AppDelegate.swift in Sources */ = {isa = PBXBuildFile; fileRef = D67E2CFF232784C500F04534 /* AppDelegate.swift */; };
		D67E2D02232784C500F04534 /* MoviesListViewController.swift in Sources */ = {isa = PBXBuildFile; fileRef = D67E2D01232784C500F04534 /* MoviesListViewController.swift */; };
		D67E2D05232784C500F04534 /* Main.storyboard in Resources */ = {isa = PBXBuildFile; fileRef = D67E2D03232784C500F04534 /* Main.storyboard */; };
		D67E2D07232784C800F04534 /* Assets.xcassets in Resources */ = {isa = PBXBuildFile; fileRef = D67E2D06232784C800F04534 /* Assets.xcassets */; };
		D67E2D0A232784C800F04534 /* LaunchScreen.storyboard in Resources */ = {isa = PBXBuildFile; fileRef = D67E2D08232784C800F04534 /* LaunchScreen.storyboard */; };
		D67E2D122327869E00F04534 /* MovieDescriptionViewController.swift in Sources */ = {isa = PBXBuildFile; fileRef = D67E2D112327869E00F04534 /* MovieDescriptionViewController.swift */; };
		D67E2D142327878B00F04534 /* MovieCell.swift in Sources */ = {isa = PBXBuildFile; fileRef = D67E2D132327878B00F04534 /* MovieCell.swift */; };
		D67E2D1623278D7200F04534 /* Movie.swift in Sources */ = {isa = PBXBuildFile; fileRef = D67E2D1523278D7200F04534 /* Movie.swift */; };
		D67E2D18232793CF00F04534 /* AlamofireRequests.swift in Sources */ = {isa = PBXBuildFile; fileRef = D67E2D17232793CF00F04534 /* AlamofireRequests.swift */; };
		D67E2D1A23279F6F00F04534 /* Extensions.swift in Sources */ = {isa = PBXBuildFile; fileRef = D67E2D1923279F6F00F04534 /* Extensions.swift */; };
/* End PBXBuildFile section */

/* Begin PBXFileReference section */
		2730964DE476D56B9EDE6790 /* Pods-MoviesList.debug.xcconfig */ = {isa = PBXFileReference; includeInIndex = 1; lastKnownFileType = text.xcconfig; name = "Pods-MoviesList.debug.xcconfig"; path = "Target Support Files/Pods-MoviesList/Pods-MoviesList.debug.xcconfig"; sourceTree = "<group>"; };
		662022F7CE2E6EB765202399 /* Pods_MoviesList.framework */ = {isa = PBXFileReference; explicitFileType = wrapper.framework; includeInIndex = 0; path = Pods_MoviesList.framework; sourceTree = BUILT_PRODUCTS_DIR; };
		D67E2CFC232784C500F04534 /* MoviesList.app */ = {isa = PBXFileReference; explicitFileType = wrapper.application; includeInIndex = 0; path = MoviesList.app; sourceTree = BUILT_PRODUCTS_DIR; };
		D67E2CFF232784C500F04534 /* AppDelegate.swift */ = {isa = PBXFileReference; lastKnownFileType = sourcecode.swift; path = AppDelegate.swift; sourceTree = "<group>"; };
		D67E2D01232784C500F04534 /* MoviesListViewController.swift */ = {isa = PBXFileReference; lastKnownFileType = sourcecode.swift; path = MoviesListViewController.swift; sourceTree = "<group>"; };
		D67E2D04232784C500F04534 /* Base */ = {isa = PBXFileReference; lastKnownFileType = file.storyboard; name = Base; path = Base.lproj/Main.storyboard; sourceTree = "<group>"; };
		D67E2D06232784C800F04534 /* Assets.xcassets */ = {isa = PBXFileReference; lastKnownFileType = folder.assetcatalog; path = Assets.xcassets; sourceTree = "<group>"; };
		D67E2D09232784C800F04534 /* Base */ = {isa = PBXFileReference; lastKnownFileType = file.storyboard; name = Base; path = Base.lproj/LaunchScreen.storyboard; sourceTree = "<group>"; };
		D67E2D0B232784C800F04534 /* Info.plist */ = {isa = PBXFileReference; lastKnownFileType = text.plist.xml; path = Info.plist; sourceTree = "<group>"; };
		D67E2D112327869E00F04534 /* MovieDescriptionViewController.swift */ = {isa = PBXFileReference; lastKnownFileType = sourcecode.swift; path = MovieDescriptionViewController.swift; sourceTree = "<group>"; };
		D67E2D132327878B00F04534 /* MovieCell.swift */ = {isa = PBXFileReference; lastKnownFileType = sourcecode.swift; path = MovieCell.swift; sourceTree = "<group>"; };
		D67E2D1523278D7200F04534 /* Movie.swift */ = {isa = PBXFileReference; lastKnownFileType = sourcecode.swift; path = Movie.swift; sourceTree = "<group>"; };
		D67E2D17232793CF00F04534 /* AlamofireRequests.swift */ = {isa = PBXFileReference; lastKnownFileType = sourcecode.swift; path = AlamofireRequests.swift; sourceTree = "<group>"; };
		D67E2D1923279F6F00F04534 /* Extensions.swift */ = {isa = PBXFileReference; lastKnownFileType = sourcecode.swift; path = Extensions.swift; sourceTree = "<group>"; };
		FC6F3FA8512A3D21E4328B8F /* Pods-MoviesList.release.xcconfig */ = {isa = PBXFileReference; includeInIndex = 1; lastKnownFileType = text.xcconfig; name = "Pods-MoviesList.release.xcconfig"; path = "Target Support Files/Pods-MoviesList/Pods-MoviesList.release.xcconfig"; sourceTree = "<group>"; };
/* End PBXFileReference section */

/* Begin PBXFrameworksBuildPhase section */
		D67E2CF9232784C500F04534 /* Frameworks */ = {
			isa = PBXFrameworksBuildPhase;
			buildActionMask = 2147483647;
			files = (
				152450645B10748A06801F10 /* Pods_MoviesList.framework in Frameworks */,
			);
			runOnlyForDeploymentPostprocessing = 0;
		};
/* End PBXFrameworksBuildPhase section */

/* Begin PBXGroup section */
		AD336DD7305BD8B848B84E9C /* Pods */ = {
			isa = PBXGroup;
			children = (
				2730964DE476D56B9EDE6790 /* Pods-MoviesList.debug.xcconfig */,
				FC6F3FA8512A3D21E4328B8F /* Pods-MoviesList.release.xcconfig */,
			);
			path = Pods;
			sourceTree = "<group>";
		};
		D67E2CF3232784C500F04534 = {
			isa = PBXGroup;
			children = (
				D67E2CFE232784C500F04534 /* MoviesList */,
				D67E2CFD232784C500F04534 /* Products */,
				AD336DD7305BD8B848B84E9C /* Pods */,
				FBE9FCC4B5D577D7CB3DF076 /* Frameworks */,
			);
			sourceTree = "<group>";
		};
		D67E2CFD232784C500F04534 /* Products */ = {
			isa = PBXGroup;
			children = (
				D67E2CFC232784C500F04534 /* MoviesList.app */,
			);
			name = Products;
			sourceTree = "<group>";
		};
		D67E2CFE232784C500F04534 /* MoviesList */ = {
			isa = PBXGroup;
			children = (
				D67E2CFF232784C500F04534 /* AppDelegate.swift */,
				D67E2D03232784C500F04534 /* Main.storyboard */,
				D67E2D06232784C800F04534 /* Assets.xcassets */,
				D67E2D08232784C800F04534 /* LaunchScreen.storyboard */,
				D67E2D0B232784C800F04534 /* Info.plist */,
				D67E2D01232784C500F04534 /* MoviesListViewController.swift */,
				D67E2D132327878B00F04534 /* MovieCell.swift */,
				D67E2D112327869E00F04534 /* MovieDescriptionViewController.swift */,
				D67E2D1523278D7200F04534 /* Movie.swift */,
				D67E2D17232793CF00F04534 /* AlamofireRequests.swift */,
				D67E2D1923279F6F00F04534 /* Extensions.swift */,
			);
			path = MoviesList;
			sourceTree = "<group>";
		};
		FBE9FCC4B5D577D7CB3DF076 /* Frameworks */ = {
			isa = PBXGroup;
			children = (
				662022F7CE2E6EB765202399 /* Pods_MoviesList.framework */,
			);
			name = Frameworks;
			sourceTree = "<group>";
		};
/* End PBXGroup section */

/* Begin PBXNativeTarget section */
		D67E2CFB232784C500F04534 /* MoviesList */ = {
			isa = PBXNativeTarget;
			buildConfigurationList = D67E2D0E232784C800F04534 /* Build configuration list for PBXNativeTarget "MoviesList" */;
			buildPhases = (
				A78915528C58607AC692B16E /* [CP] Check Pods Manifest.lock */,
				D67E2CF8232784C500F04534 /* Sources */,
				D67E2CF9232784C500F04534 /* Frameworks */,
				D67E2CFA232784C500F04534 /* Resources */,
				1A01D488E44501599F0B4344 /* [CP] Embed Pods Frameworks */,
			);
			buildRules = (
			);
			dependencies = (
			);
			name = MoviesList;
			productName = MoviesList;
			productReference = D67E2CFC232784C500F04534 /* MoviesList.app */;
			productType = "com.apple.product-type.application";
		};
/* End PBXNativeTarget section */

/* Begin PBXProject section */
		D67E2CF4232784C500F04534 /* Project object */ = {
			isa = PBXProject;
			attributes = {
				LastSwiftUpdateCheck = 1030;
				LastUpgradeCheck = 1030;
				ORGANIZATIONNAME = Home;
				TargetAttributes = {
					D67E2CFB232784C500F04534 = {
						CreatedOnToolsVersion = 10.3;
					};
				};
			};
			buildConfigurationList = D67E2CF7232784C500F04534 /* Build configuration list for PBXProject "MoviesList" */;
			compatibilityVersion = "Xcode 9.3";
			developmentRegion = en;
			hasScannedForEncodings = 0;
			knownRegions = (
				en,
				Base,
			);
			mainGroup = D67E2CF3232784C500F04534;
			productRefGroup = D67E2CFD232784C500F04534 /* Products */;
			projectDirPath = "";
			projectRoot = "";
			targets = (
				D67E2CFB232784C500F04534 /* MoviesList */,
			);
		};
/* End PBXProject section */

/* Begin PBXResourcesBuildPhase section */
		D67E2CFA232784C500F04534 /* Resources */ = {
			isa = PBXResourcesBuildPhase;
			buildActionMask = 2147483647;
			files = (
				D67E2D0A232784C800F04534 /* LaunchScreen.storyboard in Resources */,
				D67E2D07232784C800F04534 /* Assets.xcassets in Resources */,
				D67E2D05232784C500F04534 /* Main.storyboard in Resources */,
			);
			runOnlyForDeploymentPostprocessing = 0;
		};
/* End PBXResourcesBuildPhase section */

/* Begin PBXShellScriptBuildPhase section */
		1A01D488E44501599F0B4344 /* [CP] Embed Pods Frameworks */ = {
			isa = PBXShellScriptBuildPhase;
			buildActionMask = 2147483647;
			files = (
			);
			inputFileListPaths = (
			);
			inputPaths = (
				"${PODS_ROOT}/Target Support Files/Pods-MoviesList/Pods-MoviesList-frameworks.sh",
				"${BUILT_PRODUCTS_DIR}/Alamofire/Alamofire.framework",
				"${BUILT_PRODUCTS_DIR}/AlamofireObjectMapper/AlamofireObjectMapper.framework",
				"${BUILT_PRODUCTS_DIR}/ObjectMapper/ObjectMapper.framework",
			);
			name = "[CP] Embed Pods Frameworks";
			outputFileListPaths = (
			);
			outputPaths = (
				"${TARGET_BUILD_DIR}/${FRAMEWORKS_FOLDER_PATH}/Alamofire.framework",
				"${TARGET_BUILD_DIR}/${FRAMEWORKS_FOLDER_PATH}/AlamofireObjectMapper.framework",
				"${TARGET_BUILD_DIR}/${FRAMEWORKS_FOLDER_PATH}/ObjectMapper.framework",
			);
			runOnlyForDeploymentPostprocessing = 0;
			shellPath = /bin/sh;
			shellScript = "\"${PODS_ROOT}/Target Support Files/Pods-MoviesList/Pods-MoviesList-frameworks.sh\"\n";
			showEnvVarsInLog = 0;
		};
		A78915528C58607AC692B16E /* [CP] Check Pods Manifest.lock */ = {
			isa = PBXShellScriptBuildPhase;
			buildActionMask = 2147483647;
			files = (
			);
			inputFileListPaths = (
			);
			inputPaths = (
				"${PODS_PODFILE_DIR_PATH}/Podfile.lock",
				"${PODS_ROOT}/Manifest.lock",
			);
			name = "[CP] Check Pods Manifest.lock";
			outputFileListPaths = (
			);
			outputPaths = (
				"$(DERIVED_FILE_DIR)/Pods-MoviesList-checkManifestLockResult.txt",
			);
			runOnlyForDeploymentPostprocessing = 0;
			shellPath = /bin/sh;
			shellScript = "diff \"${PODS_PODFILE_DIR_PATH}/Podfile.lock\" \"${PODS_ROOT}/Manifest.lock\" > /dev/null\nif [ $? != 0 ] ; then\n    # print error to STDERR\n    echo \"error: The sandbox is not in sync with the Podfile.lock. Run 'pod install' or update your CocoaPods installation.\" >&2\n    exit 1\nfi\n# This output is used by Xcode 'outputs' to avoid re-running this script phase.\necho \"SUCCESS\" > \"${SCRIPT_OUTPUT_FILE_0}\"\n";
			showEnvVarsInLog = 0;
		};
/* End PBXShellScriptBuildPhase section */

/* Begin PBXSourcesBuildPhase section */
		D67E2CF8232784C500F04534 /* Sources */ = {
			isa = PBXSourcesBuildPhase;
			buildActionMask = 2147483647;
			files = (
				D67E2D02232784C500F04534 /* MoviesListViewController.swift in Sources */,
				D67E2D00232784C500F04534 /* AppDelegate.swift in Sources */,
				D67E2D142327878B00F04534 /* MovieCell.swift in Sources */,
				D67E2D1A23279F6F00F04534 /* Extensions.swift in Sources */,
				D67E2D122327869E00F04534 /* MovieDescriptionViewController.swift in Sources */,
				D67E2D18232793CF00F04534 /* AlamofireRequests.swift in Sources */,
				D67E2D1623278D7200F04534 /* Movie.swift in Sources */,
			);
			runOnlyForDeploymentPostprocessing = 0;
		};
/* End PBXSourcesBuildPhase section */

/* Begin PBXVariantGroup section */
		D67E2D03232784C500F04534 /* Main.storyboard */ = {
			isa = PBXVariantGroup;
			children = (
				D67E2D04232784C500F04534 /* Base */,
			);
			name = Main.storyboard;
			sourceTree = "<group>";
		};
		D67E2D08232784C800F04534 /* LaunchScreen.storyboard */ = {
			isa = PBXVariantGroup;
			children = (
				D67E2D09232784C800F04534 /* Base */,
			);
			name = LaunchScreen.storyboard;
			sourceTree = "<group>";
		};
/* End PBXVariantGroup section */

/* Begin XCBuildConfiguration section */
		D67E2D0C232784C800F04534 /* Debug */ = {
			isa = XCBuildConfiguration;
			buildSettings = {
				ALWAYS_SEARCH_USER_PATHS = NO;
				CLANG_ANALYZER_NONNULL = YES;
				CLANG_ANALYZER_NUMBER_OBJECT_CONVERSION = YES_AGGRESSIVE;
				CLANG_CXX_LANGUAGE_STANDARD = "gnu++14";
				CLANG_CXX_LIBRARY = "libc++";
				CLANG_ENABLE_MODULES = YES;
				CLANG_ENABLE_OBJC_ARC = YES;
				CLANG_ENABLE_OBJC_WEAK = YES;
				CLANG_WARN_BLOCK_CAPTURE_AUTORELEASING = YES;
				CLANG_WARN_BOOL_CONVERSION = YES;
				CLANG_WARN_COMMA = YES;
				CLANG_WARN_CONSTANT_CONVERSION = YES;
				CLANG_WARN_DEPRECATED_OBJC_IMPLEMENTATIONS = YES;
				CLANG_WARN_DIRECT_OBJC_ISA_USAGE = YES_ERROR;
				CLANG_WARN_DOCUMENTATION_COMMENTS = YES;
				CLANG_WARN_EMPTY_BODY = YES;
				CLANG_WARN_ENUM_CONVERSION = YES;
				CLANG_WARN_INFINITE_RECURSION = YES;
				CLANG_WARN_INT_CONVERSION = YES;
				CLANG_WARN_NON_LITERAL_NULL_CONVERSION = YES;
				CLANG_WARN_OBJC_IMPLICIT_RETAIN_SELF = YES;
				CLANG_WARN_OBJC_LITERAL_CONVERSION = YES;
				CLANG_WARN_OBJC_ROOT_CLASS = YES_ERROR;
				CLANG_WARN_RANGE_LOOP_ANALYSIS = YES;
				CLANG_WARN_STRICT_PROTOTYPES = YES;
				CLANG_WARN_SUSPICIOUS_MOVE = YES;
				CLANG_WARN_UNGUARDED_AVAILABILITY = YES_AGGRESSIVE;
				CLANG_WARN_UNREACHABLE_CODE = YES;
				CLANG_WARN__DUPLICATE_METHOD_MATCH = YES;
				CODE_SIGN_IDENTITY = "iPhone Developer";
				COPY_PHASE_STRIP = NO;
				DEBUG_INFORMATION_FORMAT = dwarf;
				ENABLE_STRICT_OBJC_MSGSEND = YES;
				ENABLE_TESTABILITY = YES;
				GCC_C_LANGUAGE_STANDARD = gnu11;
				GCC_DYNAMIC_NO_PIC = NO;
				GCC_NO_COMMON_BLOCKS = YES;
				GCC_OPTIMIZATION_LEVEL = 0;
				GCC_PREPROCESSOR_DEFINITIONS = (
					"DEBUG=1",
					"$(inherited)",
				);
				GCC_WARN_64_TO_32_BIT_CONVERSION = YES;
				GCC_WARN_ABOUT_RETURN_TYPE = YES_ERROR;
				GCC_WARN_UNDECLARED_SELECTOR = YES;
				GCC_WARN_UNINITIALIZED_AUTOS = YES_AGGRESSIVE;
				GCC_WARN_UNUSED_FUNCTION = YES;
				GCC_WARN_UNUSED_VARIABLE = YES;
				IPHONEOS_DEPLOYMENT_TARGET = 12.4;
				MTL_ENABLE_DEBUG_INFO = INCLUDE_SOURCE;
				MTL_FAST_MATH = YES;
				ONLY_ACTIVE_ARCH = YES;
				SDKROOT = iphoneos;
				SWIFT_ACTIVE_COMPILATION_CONDITIONS = DEBUG;
				SWIFT_OPTIMIZATION_LEVEL = "-Onone";
			};
			name = Debug;
		};
		D67E2D0D232784C800F04534 /* Release */ = {
			isa = XCBuildConfiguration;
			buildSettings = {
				ALWAYS_SEARCH_USER_PATHS = NO;
				CLANG_ANALYZER_NONNULL = YES;
				CLANG_ANALYZER_NUMBER_OBJECT_CONVERSION = YES_AGGRESSIVE;
				CLANG_CXX_LANGUAGE_STANDARD = "gnu++14";
				CLANG_CXX_LIBRARY = "libc++";
				CLANG_ENABLE_MODULES = YES;
				CLANG_ENABLE_OBJC_ARC = YES;
				CLANG_ENABLE_OBJC_WEAK = YES;
				CLANG_WARN_BLOCK_CAPTURE_AUTORELEASING = YES;
				CLANG_WARN_BOOL_CONVERSION = YES;
				CLANG_WARN_COMMA = YES;
				CLANG_WARN_CONSTANT_CONVERSION = YES;
				CLANG_WARN_DEPRECATED_OBJC_IMPLEMENTATIONS = YES;
				CLANG_WARN_DIRECT_OBJC_ISA_USAGE = YES_ERROR;
				CLANG_WARN_DOCUMENTATION_COMMENTS = YES;
				CLANG_WARN_EMPTY_BODY = YES;
				CLANG_WARN_ENUM_CONVERSION = YES;
				CLANG_WARN_INFINITE_RECURSION = YES;
				CLANG_WARN_INT_CONVERSION = YES;
				CLANG_WARN_NON_LITERAL_NULL_CONVERSION = YES;
				CLANG_WARN_OBJC_IMPLICIT_RETAIN_SELF = YES;
				CLANG_WARN_OBJC_LITERAL_CONVERSION = YES;
				CLANG_WARN_OBJC_ROOT_CLASS = YES_ERROR;
				CLANG_WARN_RANGE_LOOP_ANALYSIS = YES;
				CLANG_WARN_STRICT_PROTOTYPES = YES;
				CLANG_WARN_SUSPICIOUS_MOVE = YES;
				CLANG_WARN_UNGUARDED_AVAILABILITY = YES_AGGRESSIVE;
				CLANG_WARN_UNREACHABLE_CODE = YES;
				CLANG_WARN__DUPLICATE_METHOD_MATCH = YES;
				CODE_SIGN_IDENTITY = "iPhone Developer";
				COPY_PHASE_STRIP = NO;
				DEBUG_INFORMATION_FORMAT = "dwarf-with-dsym";
				ENABLE_NS_ASSERTIONS = NO;
				ENABLE_STRICT_OBJC_MSGSEND = YES;
				GCC_C_LANGUAGE_STANDARD = gnu11;
				GCC_NO_COMMON_BLOCKS = YES;
				GCC_WARN_64_TO_32_BIT_CONVERSION = YES;
				GCC_WARN_ABOUT_RETURN_TYPE = YES_ERROR;
				GCC_WARN_UNDECLARED_SELECTOR = YES;
				GCC_WARN_UNINITIALIZED_AUTOS = YES_AGGRESSIVE;
				GCC_WARN_UNUSED_FUNCTION = YES;
				GCC_WARN_UNUSED_VARIABLE = YES;
				IPHONEOS_DEPLOYMENT_TARGET = 12.4;
				MTL_ENABLE_DEBUG_INFO = NO;
				MTL_FAST_MATH = YES;
				SDKROOT = iphoneos;
				SWIFT_COMPILATION_MODE = wholemodule;
				SWIFT_OPTIMIZATION_LEVEL = "-O";
				VALIDATE_PRODUCT = YES;
			};
			name = Release;
		};
		D67E2D0F232784C800F04534 /* Debug */ = {
			isa = XCBuildConfiguration;
			baseConfigurationReference = 2730964DE476D56B9EDE6790 /* Pods-MoviesList.debug.xcconfig */;
			buildSettings = {
				ASSETCATALOG_COMPILER_APPICON_NAME = AppIcon;
				CODE_SIGN_STYLE = Automatic;
				DEVELOPMENT_TEAM = TF56ZZML3P;
				INFOPLIST_FILE = MoviesList/Info.plist;
				LD_RUNPATH_SEARCH_PATHS = (
					"$(inherited)",
					"@executable_path/Frameworks",
				);
				PRODUCT_BUNDLE_IDENTIFIER = "Olga-Lidman.MoviesList";
				PRODUCT_NAME = "$(TARGET_NAME)";
				SWIFT_VERSION = 5.0;
				TARGETED_DEVICE_FAMILY = "1,2";
			};
			name = Debug;
		};
		D67E2D10232784C800F04534 /* Release */ = {
			isa = XCBuildConfiguration;
			baseConfigurationReference = FC6F3FA8512A3D21E4328B8F /* Pods-MoviesList.release.xcconfig */;
			buildSettings = {
				ASSETCATALOG_COMPILER_APPICON_NAME = AppIcon;
				CODE_SIGN_STYLE = Automatic;
				DEVELOPMENT_TEAM = TF56ZZML3P;
				INFOPLIST_FILE = MoviesList/Info.plist;
				LD_RUNPATH_SEARCH_PATHS = (
					"$(inherited)",
					"@executable_path/Frameworks",
				);
				PRODUCT_BUNDLE_IDENTIFIER = "Olga-Lidman.MoviesList";
				PRODUCT_NAME = "$(TARGET_NAME)";
				SWIFT_VERSION = 5.0;
				TARGETED_DEVICE_FAMILY = "1,2";
			};
			name = Release;
		};
/* End XCBuildConfiguration section */

/* Begin XCConfigurationList section */
		D67E2CF7232784C500F04534 /* Build configuration list for PBXProject "MoviesList" */ = {
			isa = XCConfigurationList;
			buildConfigurations = (
				D67E2D0C232784C800F04534 /* Debug */,
				D67E2D0D232784C800F04534 /* Release */,
			);
			defaultConfigurationIsVisible = 0;
			defaultConfigurationName = Release;
		};
		D67E2D0E232784C800F04534 /* Build configuration list for PBXNativeTarget "MoviesList" */ = {
			isa = XCConfigurationList;
			buildConfigurations = (
				D67E2D0F232784C800F04534 /* Debug */,
				D67E2D10232784C800F04534 /* Release */,
			);
			defaultConfigurationIsVisible = 0;
			defaultConfigurationName = Release;
		};
/* End XCConfigurationList section */
	};
	rootObject = D67E2CF4232784C500F04534 /* Project object */;
}
